
Microsoft Visual Studio Solution File, Format Version 12.00
# Visual Studio 15
VisualStudioVersion = 15.0.28307.1022
MinimumVisualStudioVersion = 10.0.40219.1
Project("{FAE04EC0-301F-11D3-BF4B-00C04F79EFBC}") = "EUROFIRE_SHOP", "EUROFIRE_SHOP\EUROFIRE_SHOP.csproj", "{DC835DAF-3D9F-4247-97F2-E7C45C662B9B}"
EndProject
Global
	GlobalSection(SolutionConfigurationPlatforms) = preSolution
		Debug|Any CPU = Debug|Any CPU
		Release|Any CPU = Release|Any CPU
	EndGlobalSection
	GlobalSection(ProjectConfigurationPlatforms) = postSolution
		{DC835DAF-3D9F-4247-97F2-E7C45C662B9B}.Debug|Any CPU.ActiveCfg = Debug|Any CPU
		{DC835DAF-3D9F-4247-97F2-E7C45C662B9B}.Debug|Any CPU.Build.0 = Debug|Any CPU
		{DC835DAF-3D9F-4247-97F2-E7C45C662B9B}.Release|Any CPU.ActiveCfg = Release|Any CPU
		{DC835DAF-3D9F-4247-97F2-E7C45C662B9B}.Release|Any CPU.Build.0 = Release|Any CPU
	EndGlobalSection
	GlobalSection(SolutionProperties) = preSolution
		HideSolutionNode = FALSE
	EndGlobalSection
	GlobalSection(ExtensibilityGlobals) = postSolution
		SolutionGuid = {CA251EEA-F1FF-465F-9195-D357A2E3521C}
	EndGlobalSection
EndGlobal
